// !$*UTF8*$!
{
	archiveVersion = 1;
	classes = {
	};
	objectVersion = 55;
	objects = {

/* Begin PBXBuildFile section */
		8900F844147C06F896CEDB89 /* Pods_Petal_First_Test_Petal_First_TestUITests.framework in Frameworks */ = {isa = PBXBuildFile; fileRef = 406AF63DE177997E2A56F677 /* Pods_Petal_First_Test_Petal_First_TestUITests.framework */; };
		C154A05A2686F791C90BAD5C /* Pods_Petal_First_Test.framework in Frameworks */ = {isa = PBXBuildFile; fileRef = EF46D54E5F333357BDC913C1 /* Pods_Petal_First_Test.framework */; };
		D6057F71295E1B23001563E9 /* RoundView.swift in Sources */ = {isa = PBXBuildFile; fileRef = D6057F70295E1B23001563E9 /* RoundView.swift */; };
		D6125BB6297C7B8B005081F1 /* ShuffleView.swift in Sources */ = {isa = PBXBuildFile; fileRef = D6125BB5297C7B8B005081F1 /* ShuffleView.swift */; };
		D6125BB8297C80FF005081F1 /* SettingsView.swift in Sources */ = {isa = PBXBuildFile; fileRef = D6125BB7297C80FF005081F1 /* SettingsView.swift */; };
		D615426329709EBA00875757 /* Petal_First_TestUITests.swift in Sources */ = {isa = PBXBuildFile; fileRef = D615426229709EBA00875757 /* Petal_First_TestUITests.swift */; };
		D615426529709EBA00875757 /* Petal_First_TestUITestsLaunchTests.swift in Sources */ = {isa = PBXBuildFile; fileRef = D615426429709EBA00875757 /* Petal_First_TestUITestsLaunchTests.swift */; };
		D61FB45D298191D900D3860B /* StatsView.swift in Sources */ = {isa = PBXBuildFile; fileRef = D61FB45C298191D900D3860B /* StatsView.swift */; };
		D63E93F329CE8F8E00BA8764 /* PauseView.swift in Sources */ = {isa = PBXBuildFile; fileRef = D63E93F229CE8F8E00BA8764 /* PauseView.swift */; };
		D65B506F297343A5004CAEA8 /* BackgroundView.swift in Sources */ = {isa = PBXBuildFile; fileRef = D65B506E297343A5004CAEA8 /* BackgroundView.swift */; };
		D663D497296C80F00075DE01 /* MultiplierView.swift in Sources */ = {isa = PBXBuildFile; fileRef = D663D496296C80F00075DE01 /* MultiplierView.swift */; };
		D68054D629202974008A36AC /* Petal_First_TestApp.swift in Sources */ = {isa = PBXBuildFile; fileRef = D68054D529202974008A36AC /* Petal_First_TestApp.swift */; };
		D68054D829202974008A36AC /* GameView.swift in Sources */ = {isa = PBXBuildFile; fileRef = D68054D729202974008A36AC /* GameView.swift */; };
		D68054DA29202976008A36AC /* Assets.xcassets in Resources */ = {isa = PBXBuildFile; fileRef = D68054D929202976008A36AC /* Assets.xcassets */; };
		D68054DD29202976008A36AC /* Preview Assets.xcassets in Resources */ = {isa = PBXBuildFile; fileRef = D68054DC29202976008A36AC /* Preview Assets.xcassets */; };
		D68054E429202AEC008A36AC /* Launch Screen.storyboard in Resources */ = {isa = PBXBuildFile; fileRef = D68054E329202AEC008A36AC /* Launch Screen.storyboard */; };
		D68054E729202F54008A36AC /* Color+Extensions.swift in Sources */ = {isa = PBXBuildFile; fileRef = D68054E629202F54008A36AC /* Color+Extensions.swift */; };
		D68054EB2920305D008A36AC /* Guess.swift in Sources */ = {isa = PBXBuildFile; fileRef = D68054EA2920305D008A36AC /* Guess.swift */; };
		D68054EE29203157008A36AC /* GuessView.swift in Sources */ = {isa = PBXBuildFile; fileRef = D68054ED29203157008A36AC /* GuessView.swift */; };
		D68054F1292079CB008A36AC /* WordleDataModel.swift in Sources */ = {isa = PBXBuildFile; fileRef = D68054F0292079CB008A36AC /* WordleDataModel.swift */; };
		D68054F329207D14008A36AC /* Global.swift in Sources */ = {isa = PBXBuildFile; fileRef = D68054F229207D14008A36AC /* Global.swift */; };
		D68054F5292084CA008A36AC /* LetterButtonView.swift in Sources */ = {isa = PBXBuildFile; fileRef = D68054F4292084CA008A36AC /* LetterButtonView.swift */; };
		D68054F7292086D3008A36AC /* Keyboard.swift in Sources */ = {isa = PBXBuildFile; fileRef = D68054F6292086D3008A36AC /* Keyboard.swift */; };
		D68054FA2920CFFA008A36AC /* Shake.swift in Sources */ = {isa = PBXBuildFile; fileRef = D68054F92920CFFA008A36AC /* Shake.swift */; };
		D68C4FAF298472A80015128D /* InterstitialView.swift in Sources */ = {isa = PBXBuildFile; fileRef = D68C4FAE298472A80015128D /* InterstitialView.swift */; };
		D68DE4EB299958BE00AE225E /* OutOfTimeView.swift in Sources */ = {isa = PBXBuildFile; fileRef = D68DE4EA299958BE00AE225E /* OutOfTimeView.swift */; };
		D6AD63DD296D2B18000F17D1 /* HelpView.swift in Sources */ = {isa = PBXBuildFile; fileRef = D6AD63DC296D2B18000F17D1 /* HelpView.swift */; };
		D6CC9D952969DD27006FA274 /* TimerView.swift in Sources */ = {isa = PBXBuildFile; fileRef = D6CC9D942969DD27006FA274 /* TimerView.swift */; };
		D6E2A174293D71E20001285E /* ToastView.swift in Sources */ = {isa = PBXBuildFile; fileRef = D6E2A173293D71E20001285E /* ToastView.swift */; };
/* End PBXBuildFile section */

/* Begin PBXContainerItemProxy section */
		D615426629709EBA00875757 /* PBXContainerItemProxy */ = {
			isa = PBXContainerItemProxy;
			containerPortal = D68054CA29202974008A36AC /* Project object */;
			proxyType = 1;
			remoteGlobalIDString = D68054D129202974008A36AC;
			remoteInfo = "Petal First Test";
		};
/* End PBXContainerItemProxy section */

/* Begin PBXFileReference section */
		406AF63DE177997E2A56F677 /* Pods_Petal_First_Test_Petal_First_TestUITests.framework */ = {isa = PBXFileReference; explicitFileType = wrapper.framework; includeInIndex = 0; path = Pods_Petal_First_Test_Petal_First_TestUITests.framework; sourceTree = BUILT_PRODUCTS_DIR; };
		92AA570202D100BDC0EC154A /* Pods-Petal First Test-Petal First TestUITests.release.xcconfig */ = {isa = PBXFileReference; includeInIndex = 1; lastKnownFileType = text.xcconfig; name = "Pods-Petal First Test-Petal First TestUITests.release.xcconfig"; path = "Target Support Files/Pods-Petal First Test-Petal First TestUITests/Pods-Petal First Test-Petal First TestUITests.release.xcconfig"; sourceTree = "<group>"; };
		A7B6CBEDE0653F2A60E8D198 /* Pods-Petal First Test.release.xcconfig */ = {isa = PBXFileReference; includeInIndex = 1; lastKnownFileType = text.xcconfig; name = "Pods-Petal First Test.release.xcconfig"; path = "Target Support Files/Pods-Petal First Test/Pods-Petal First Test.release.xcconfig"; sourceTree = "<group>"; };
		C4A274E12832E981ADCFA4C2 /* Pods-Petal First Test.debug.xcconfig */ = {isa = PBXFileReference; includeInIndex = 1; lastKnownFileType = text.xcconfig; name = "Pods-Petal First Test.debug.xcconfig"; path = "Target Support Files/Pods-Petal First Test/Pods-Petal First Test.debug.xcconfig"; sourceTree = "<group>"; };
		D6057F70295E1B23001563E9 /* RoundView.swift */ = {isa = PBXFileReference; lastKnownFileType = sourcecode.swift; path = RoundView.swift; sourceTree = "<group>"; };
		D6125BB5297C7B8B005081F1 /* ShuffleView.swift */ = {isa = PBXFileReference; lastKnownFileType = sourcecode.swift; path = ShuffleView.swift; sourceTree = "<group>"; };
		D6125BB7297C80FF005081F1 /* SettingsView.swift */ = {isa = PBXFileReference; lastKnownFileType = sourcecode.swift; path = SettingsView.swift; sourceTree = "<group>"; };
		D615425B297099FC00875757 /* TestPlan.xctestplan */ = {isa = PBXFileReference; lastKnownFileType = text; path = TestPlan.xctestplan; sourceTree = "<group>"; };
		D615426029709EB900875757 /* Petal First TestUITests.xctest */ = {isa = PBXFileReference; explicitFileType = wrapper.cfbundle; includeInIndex = 0; path = "Petal First TestUITests.xctest"; sourceTree = BUILT_PRODUCTS_DIR; };
		D615426229709EBA00875757 /* Petal_First_TestUITests.swift */ = {isa = PBXFileReference; lastKnownFileType = sourcecode.swift; path = Petal_First_TestUITests.swift; sourceTree = "<group>"; };
		D615426429709EBA00875757 /* Petal_First_TestUITestsLaunchTests.swift */ = {isa = PBXFileReference; lastKnownFileType = sourcecode.swift; path = Petal_First_TestUITestsLaunchTests.swift; sourceTree = "<group>"; };
		D61FB45C298191D900D3860B /* StatsView.swift */ = {isa = PBXFileReference; lastKnownFileType = sourcecode.swift; path = StatsView.swift; sourceTree = "<group>"; };
		D63E93F229CE8F8E00BA8764 /* PauseView.swift */ = {isa = PBXFileReference; lastKnownFileType = sourcecode.swift; path = PauseView.swift; sourceTree = "<group>"; };
		D65B506E297343A5004CAEA8 /* BackgroundView.swift */ = {isa = PBXFileReference; lastKnownFileType = sourcecode.swift; path = BackgroundView.swift; sourceTree = "<group>"; };
		D663D496296C80F00075DE01 /* MultiplierView.swift */ = {isa = PBXFileReference; lastKnownFileType = sourcecode.swift; path = MultiplierView.swift; sourceTree = "<group>"; };
		D68054D229202974008A36AC /* Petal.app */ = {isa = PBXFileReference; explicitFileType = wrapper.application; includeInIndex = 0; path = Petal.app; sourceTree = BUILT_PRODUCTS_DIR; };
		D68054D529202974008A36AC /* Petal_First_TestApp.swift */ = {isa = PBXFileReference; lastKnownFileType = sourcecode.swift; path = Petal_First_TestApp.swift; sourceTree = "<group>"; };
		D68054D729202974008A36AC /* GameView.swift */ = {isa = PBXFileReference; lastKnownFileType = sourcecode.swift; path = GameView.swift; sourceTree = "<group>"; };
		D68054D929202976008A36AC /* Assets.xcassets */ = {isa = PBXFileReference; lastKnownFileType = folder.assetcatalog; path = Assets.xcassets; sourceTree = "<group>"; };
		D68054DC29202976008A36AC /* Preview Assets.xcassets */ = {isa = PBXFileReference; lastKnownFileType = folder.assetcatalog; path = "Preview Assets.xcassets"; sourceTree = "<group>"; };
		D68054E329202AEC008A36AC /* Launch Screen.storyboard */ = {isa = PBXFileReference; lastKnownFileType = file.storyboard; path = "Launch Screen.storyboard"; sourceTree = "<group>"; };
		D68054E629202F54008A36AC /* Color+Extensions.swift */ = {isa = PBXFileReference; lastKnownFileType = sourcecode.swift; path = "Color+Extensions.swift"; sourceTree = "<group>"; };
		D68054EA2920305D008A36AC /* Guess.swift */ = {isa = PBXFileReference; lastKnownFileType = sourcecode.swift; path = Guess.swift; sourceTree = "<group>"; };
		D68054ED29203157008A36AC /* GuessView.swift */ = {isa = PBXFileReference; lastKnownFileType = sourcecode.swift; path = GuessView.swift; sourceTree = "<group>"; };
		D68054F0292079CB008A36AC /* WordleDataModel.swift */ = {isa = PBXFileReference; lastKnownFileType = sourcecode.swift; path = WordleDataModel.swift; sourceTree = "<group>"; };
		D68054F229207D14008A36AC /* Global.swift */ = {isa = PBXFileReference; lastKnownFileType = sourcecode.swift; path = Global.swift; sourceTree = "<group>"; };
		D68054F4292084CA008A36AC /* LetterButtonView.swift */ = {isa = PBXFileReference; lastKnownFileType = sourcecode.swift; path = LetterButtonView.swift; sourceTree = "<group>"; };
		D68054F6292086D3008A36AC /* Keyboard.swift */ = {isa = PBXFileReference; lastKnownFileType = sourcecode.swift; path = Keyboard.swift; sourceTree = "<group>"; };
		D68054F92920CFFA008A36AC /* Shake.swift */ = {isa = PBXFileReference; lastKnownFileType = sourcecode.swift; path = Shake.swift; sourceTree = "<group>"; };
		D68C4F8A298397360015128D /* Petal-First-Test-Info.plist */ = {isa = PBXFileReference; explicitFileType = sourcecode.swift; path = "Petal-First-Test-Info.plist"; sourceTree = SOURCE_ROOT; };
		D68C4FAE298472A80015128D /* InterstitialView.swift */ = {isa = PBXFileReference; lastKnownFileType = sourcecode.swift; path = InterstitialView.swift; sourceTree = "<group>"; };
		D68DE4EA299958BE00AE225E /* OutOfTimeView.swift */ = {isa = PBXFileReference; lastKnownFileType = sourcecode.swift; path = OutOfTimeView.swift; sourceTree = "<group>"; };
		D6AD63DC296D2B18000F17D1 /* HelpView.swift */ = {isa = PBXFileReference; lastKnownFileType = sourcecode.swift; path = HelpView.swift; sourceTree = "<group>"; };
		D6CC9D942969DD27006FA274 /* TimerView.swift */ = {isa = PBXFileReference; lastKnownFileType = sourcecode.swift; path = TimerView.swift; sourceTree = "<group>"; };
		D6E2A173293D71E20001285E /* ToastView.swift */ = {isa = PBXFileReference; lastKnownFileType = sourcecode.swift; path = ToastView.swift; sourceTree = "<group>"; };
		EF46D54E5F333357BDC913C1 /* Pods_Petal_First_Test.framework */ = {isa = PBXFileReference; explicitFileType = wrapper.framework; includeInIndex = 0; path = Pods_Petal_First_Test.framework; sourceTree = BUILT_PRODUCTS_DIR; };
		FB44AE1F639BBF4F4CC20E3D /* Pods-Petal First Test-Petal First TestUITests.debug.xcconfig */ = {isa = PBXFileReference; includeInIndex = 1; lastKnownFileType = text.xcconfig; name = "Pods-Petal First Test-Petal First TestUITests.debug.xcconfig"; path = "Target Support Files/Pods-Petal First Test-Petal First TestUITests/Pods-Petal First Test-Petal First TestUITests.debug.xcconfig"; sourceTree = "<group>"; };
/* End PBXFileReference section */

/* Begin PBXFrameworksBuildPhase section */
		D615425D29709EB900875757 /* Frameworks */ = {
			isa = PBXFrameworksBuildPhase;
			buildActionMask = 2147483647;
			files = (
				8900F844147C06F896CEDB89 /* Pods_Petal_First_Test_Petal_First_TestUITests.framework in Frameworks */,
			);
			runOnlyForDeploymentPostprocessing = 0;
		};
		D68054CF29202974008A36AC /* Frameworks */ = {
			isa = PBXFrameworksBuildPhase;
			buildActionMask = 2147483647;
			files = (
				C154A05A2686F791C90BAD5C /* Pods_Petal_First_Test.framework in Frameworks */,
			);
			runOnlyForDeploymentPostprocessing = 0;
		};
/* End PBXFrameworksBuildPhase section */

/* Begin PBXGroup section */
		0C0E4D3EC6BB7A8AE4417013 /* Pods */ = {
			isa = PBXGroup;
			children = (
				C4A274E12832E981ADCFA4C2 /* Pods-Petal First Test.debug.xcconfig */,
				A7B6CBEDE0653F2A60E8D198 /* Pods-Petal First Test.release.xcconfig */,
				FB44AE1F639BBF4F4CC20E3D /* Pods-Petal First Test-Petal First TestUITests.debug.xcconfig */,
				92AA570202D100BDC0EC154A /* Pods-Petal First Test-Petal First TestUITests.release.xcconfig */,
			);
			path = Pods;
			sourceTree = "<group>";
		};
		276A2CDED504C720034242BD /* Frameworks */ = {
			isa = PBXGroup;
			children = (
				EF46D54E5F333357BDC913C1 /* Pods_Petal_First_Test.framework */,
				406AF63DE177997E2A56F677 /* Pods_Petal_First_Test_Petal_First_TestUITests.framework */,
			);
			name = Frameworks;
			sourceTree = "<group>";
		};
		D615426129709EBA00875757 /* Petal First TestUITests */ = {
			isa = PBXGroup;
			children = (
				D615426229709EBA00875757 /* Petal_First_TestUITests.swift */,
				D615426429709EBA00875757 /* Petal_First_TestUITestsLaunchTests.swift */,
			);
			path = "Petal First TestUITests";
			sourceTree = "<group>";
		};
		D68054C929202974008A36AC = {
			isa = PBXGroup;
			children = (
				D68054D429202974008A36AC /* Petal First Test */,
				D615426129709EBA00875757 /* Petal First TestUITests */,
				D68054D329202974008A36AC /* Products */,
				0C0E4D3EC6BB7A8AE4417013 /* Pods */,
				276A2CDED504C720034242BD /* Frameworks */,
			);
			sourceTree = "<group>";
		};
		D68054D329202974008A36AC /* Products */ = {
			isa = PBXGroup;
			children = (
				D68054D229202974008A36AC /* Petal.app */,
				D615426029709EB900875757 /* Petal First TestUITests.xctest */,
			);
			name = Products;
			sourceTree = "<group>";
		};
		D68054D429202974008A36AC /* Petal First Test */ = {
			isa = PBXGroup;
			children = (
				D68C4F8A298397360015128D /* Petal-First-Test-Info.plist */,
				D68054D529202974008A36AC /* Petal_First_TestApp.swift */,
				D68C4FAD298472940015128D /* AdViews */,
				D68054EF29207999008A36AC /* ViewModels */,
				D68054E929203050008A36AC /* Models */,
				D68054EC29203147008A36AC /* Views */,
				D68054E529202F3D008A36AC /* Extensions */,
				D68054F82920CFEB008A36AC /* Animations */,
				D68054D929202976008A36AC /* Assets.xcassets */,
				D68054E329202AEC008A36AC /* Launch Screen.storyboard */,
				D68054DB29202976008A36AC /* Preview Content */,
			);
			path = "Petal First Test";
			sourceTree = "<group>";
		};
		D68054DB29202976008A36AC /* Preview Content */ = {
			isa = PBXGroup;
			children = (
				D68054DC29202976008A36AC /* Preview Assets.xcassets */,
			);
			path = "Preview Content";
			sourceTree = "<group>";
		};
		D68054E529202F3D008A36AC /* Extensions */ = {
			isa = PBXGroup;
			children = (
				D68054E629202F54008A36AC /* Color+Extensions.swift */,
			);
			path = Extensions;
			sourceTree = "<group>";
		};
		D68054E929203050008A36AC /* Models */ = {
			isa = PBXGroup;
			children = (
				D68054EA2920305D008A36AC /* Guess.swift */,
				D68054F229207D14008A36AC /* Global.swift */,
			);
			path = Models;
			sourceTree = "<group>";
		};
		D68054EC29203147008A36AC /* Views */ = {
			isa = PBXGroup;
			children = (
				D68054D729202974008A36AC /* GameView.swift */,
				D68054ED29203157008A36AC /* GuessView.swift */,
				D68054F4292084CA008A36AC /* LetterButtonView.swift */,
				D68054F6292086D3008A36AC /* Keyboard.swift */,
				D6E2A173293D71E20001285E /* ToastView.swift */,
				D6CC9D942969DD27006FA274 /* TimerView.swift */,
				D663D496296C80F00075DE01 /* MultiplierView.swift */,
				D6057F70295E1B23001563E9 /* RoundView.swift */,
				D65B506E297343A5004CAEA8 /* BackgroundView.swift */,
				D6125BB5297C7B8B005081F1 /* ShuffleView.swift */,
				D6AD63DC296D2B18000F17D1 /* HelpView.swift */,
				D6125BB7297C80FF005081F1 /* SettingsView.swift */,
				D68DE4EA299958BE00AE225E /* OutOfTimeView.swift */,
				D63E93F229CE8F8E00BA8764 /* PauseView.swift */,
				D61FB45C298191D900D3860B /* StatsView.swift */,
			);
			path = Views;
			sourceTree = "<group>";
		};
		D68054EF29207999008A36AC /* ViewModels */ = {
			isa = PBXGroup;
			children = (
				D68054F0292079CB008A36AC /* WordleDataModel.swift */,
				D615425B297099FC00875757 /* TestPlan.xctestplan */,
			);
			path = ViewModels;
			sourceTree = "<group>";
		};
		D68054F82920CFEB008A36AC /* Animations */ = {
			isa = PBXGroup;
			children = (
				D68054F92920CFFA008A36AC /* Shake.swift */,
			);
			path = Animations;
			sourceTree = "<group>";
		};
		D68C4FAD298472940015128D /* AdViews */ = {
			isa = PBXGroup;
			children = (
				D68C4FAE298472A80015128D /* InterstitialView.swift */,
			);
			path = AdViews;
			sourceTree = "<group>";
		};
/* End PBXGroup section */

/* Begin PBXNativeTarget section */
		D615425F29709EB900875757 /* Petal First TestUITests */ = {
			isa = PBXNativeTarget;
			buildConfigurationList = D615426829709EBA00875757 /* Build configuration list for PBXNativeTarget "Petal First TestUITests" */;
			buildPhases = (
				83B8C255DD0E69A493A8B86B /* [CP] Check Pods Manifest.lock */,
				D615425C29709EB900875757 /* Sources */,
				D615425D29709EB900875757 /* Frameworks */,
				D615425E29709EB900875757 /* Resources */,
				9EF55BAD5B0918D30D714852 /* [CP] Embed Pods Frameworks */,
			);
			buildRules = (
			);
			dependencies = (
				D615426729709EBA00875757 /* PBXTargetDependency */,
			);
			name = "Petal First TestUITests";
			productName = "Petal First TestUITests";
			productReference = D615426029709EB900875757 /* Petal First TestUITests.xctest */;
			productType = "com.apple.product-type.bundle.ui-testing";
		};
		D68054D129202974008A36AC /* Petal First Test */ = {
			isa = PBXNativeTarget;
			buildConfigurationList = D68054E029202976008A36AC /* Build configuration list for PBXNativeTarget "Petal First Test" */;
			buildPhases = (
				81C7BBAF1A925637C2F9E673 /* [CP] Check Pods Manifest.lock */,
				D68054CE29202974008A36AC /* Sources */,
				D68054CF29202974008A36AC /* Frameworks */,
				D68054D029202974008A36AC /* Resources */,
				B088D34984FCE35E350D64ED /* [CP] Embed Pods Frameworks */,
			);
			buildRules = (
			);
			dependencies = (
			);
			name = "Petal First Test";
			productName = "Petal First Test";
			productReference = D68054D229202974008A36AC /* Petal.app */;
			productType = "com.apple.product-type.application";
		};
/* End PBXNativeTarget section */

/* Begin PBXProject section */
		D68054CA29202974008A36AC /* Project object */ = {
			isa = PBXProject;
			attributes = {
				BuildIndependentTargetsInParallel = 1;
				LastSwiftUpdateCheck = 1420;
				LastUpgradeCheck = 1320;
				TargetAttributes = {
					D615425F29709EB900875757 = {
						CreatedOnToolsVersion = 14.2;
						TestTargetID = D68054D129202974008A36AC;
					};
					D68054D129202974008A36AC = {
						CreatedOnToolsVersion = 13.2.1;
					};
				};
			};
			buildConfigurationList = D68054CD29202974008A36AC /* Build configuration list for PBXProject "Petal First Test" */;
			compatibilityVersion = "Xcode 13.0";
			developmentRegion = en;
			hasScannedForEncodings = 0;
			knownRegions = (
				en,
				Base,
			);
			mainGroup = D68054C929202974008A36AC;
			productRefGroup = D68054D329202974008A36AC /* Products */;
			projectDirPath = "";
			projectRoot = "";
			targets = (
				D68054D129202974008A36AC /* Petal First Test */,
				D615425F29709EB900875757 /* Petal First TestUITests */,
			);
		};
/* End PBXProject section */

/* Begin PBXResourcesBuildPhase section */
		D615425E29709EB900875757 /* Resources */ = {
			isa = PBXResourcesBuildPhase;
			buildActionMask = 2147483647;
			files = (
			);
			runOnlyForDeploymentPostprocessing = 0;
		};
		D68054D029202974008A36AC /* Resources */ = {
			isa = PBXResourcesBuildPhase;
			buildActionMask = 2147483647;
			files = (
				D68054E429202AEC008A36AC /* Launch Screen.storyboard in Resources */,
				D68054DD29202976008A36AC /* Preview Assets.xcassets in Resources */,
				D68054DA29202976008A36AC /* Assets.xcassets in Resources */,
			);
			runOnlyForDeploymentPostprocessing = 0;
		};
/* End PBXResourcesBuildPhase section */

/* Begin PBXShellScriptBuildPhase section */
		81C7BBAF1A925637C2F9E673 /* [CP] Check Pods Manifest.lock */ = {
			isa = PBXShellScriptBuildPhase;
			buildActionMask = 2147483647;
			files = (
			);
			inputFileListPaths = (
			);
			inputPaths = (
				"${PODS_PODFILE_DIR_PATH}/Podfile.lock",
				"${PODS_ROOT}/Manifest.lock",
			);
			name = "[CP] Check Pods Manifest.lock";
			outputFileListPaths = (
			);
			outputPaths = (
				"$(DERIVED_FILE_DIR)/Pods-Petal First Test-checkManifestLockResult.txt",
			);
			runOnlyForDeploymentPostprocessing = 0;
			shellPath = /bin/sh;
			shellScript = "diff \"${PODS_PODFILE_DIR_PATH}/Podfile.lock\" \"${PODS_ROOT}/Manifest.lock\" > /dev/null\nif [ $? != 0 ] ; then\n    # print error to STDERR\n    echo \"error: The sandbox is not in sync with the Podfile.lock. Run 'pod install' or update your CocoaPods installation.\" >&2\n    exit 1\nfi\n# This output is used by Xcode 'outputs' to avoid re-running this script phase.\necho \"SUCCESS\" > \"${SCRIPT_OUTPUT_FILE_0}\"\n";
			showEnvVarsInLog = 0;
		};
		83B8C255DD0E69A493A8B86B /* [CP] Check Pods Manifest.lock */ = {
			isa = PBXShellScriptBuildPhase;
			buildActionMask = 2147483647;
			files = (
			);
			inputFileListPaths = (
			);
			inputPaths = (
				"${PODS_PODFILE_DIR_PATH}/Podfile.lock",
				"${PODS_ROOT}/Manifest.lock",
			);
			name = "[CP] Check Pods Manifest.lock";
			outputFileListPaths = (
			);
			outputPaths = (
				"$(DERIVED_FILE_DIR)/Pods-Petal First Test-Petal First TestUITests-checkManifestLockResult.txt",
			);
			runOnlyForDeploymentPostprocessing = 0;
			shellPath = /bin/sh;
			shellScript = "diff \"${PODS_PODFILE_DIR_PATH}/Podfile.lock\" \"${PODS_ROOT}/Manifest.lock\" > /dev/null\nif [ $? != 0 ] ; then\n    # print error to STDERR\n    echo \"error: The sandbox is not in sync with the Podfile.lock. Run 'pod install' or update your CocoaPods installation.\" >&2\n    exit 1\nfi\n# This output is used by Xcode 'outputs' to avoid re-running this script phase.\necho \"SUCCESS\" > \"${SCRIPT_OUTPUT_FILE_0}\"\n";
			showEnvVarsInLog = 0;
		};
		9EF55BAD5B0918D30D714852 /* [CP] Embed Pods Frameworks */ = {
			isa = PBXShellScriptBuildPhase;
			buildActionMask = 2147483647;
			files = (
			);
			inputFileListPaths = (
				"${PODS_ROOT}/Target Support Files/Pods-Petal First Test-Petal First TestUITests/Pods-Petal First Test-Petal First TestUITests-frameworks-${CONFIGURATION}-input-files.xcfilelist",
			);
			name = "[CP] Embed Pods Frameworks";
			outputFileListPaths = (
				"${PODS_ROOT}/Target Support Files/Pods-Petal First Test-Petal First TestUITests/Pods-Petal First Test-Petal First TestUITests-frameworks-${CONFIGURATION}-output-files.xcfilelist",
			);
			runOnlyForDeploymentPostprocessing = 0;
			shellPath = /bin/sh;
			shellScript = "\"${PODS_ROOT}/Target Support Files/Pods-Petal First Test-Petal First TestUITests/Pods-Petal First Test-Petal First TestUITests-frameworks.sh\"\n";
			showEnvVarsInLog = 0;
		};
		B088D34984FCE35E350D64ED /* [CP] Embed Pods Frameworks */ = {
			isa = PBXShellScriptBuildPhase;
			buildActionMask = 2147483647;
			files = (
			);
			inputFileListPaths = (
				"${PODS_ROOT}/Target Support Files/Pods-Petal First Test/Pods-Petal First Test-frameworks-${CONFIGURATION}-input-files.xcfilelist",
			);
			name = "[CP] Embed Pods Frameworks";
			outputFileListPaths = (
				"${PODS_ROOT}/Target Support Files/Pods-Petal First Test/Pods-Petal First Test-frameworks-${CONFIGURATION}-output-files.xcfilelist",
			);
			runOnlyForDeploymentPostprocessing = 0;
			shellPath = /bin/sh;
			shellScript = "\"${PODS_ROOT}/Target Support Files/Pods-Petal First Test/Pods-Petal First Test-frameworks.sh\"\n";
			showEnvVarsInLog = 0;
		};
/* End PBXShellScriptBuildPhase section */

/* Begin PBXSourcesBuildPhase section */
		D615425C29709EB900875757 /* Sources */ = {
			isa = PBXSourcesBuildPhase;
			buildActionMask = 2147483647;
			files = (
				D615426529709EBA00875757 /* Petal_First_TestUITestsLaunchTests.swift in Sources */,
				D615426329709EBA00875757 /* Petal_First_TestUITests.swift in Sources */,
			);
			runOnlyForDeploymentPostprocessing = 0;
		};
		D68054CE29202974008A36AC /* Sources */ = {
			isa = PBXSourcesBuildPhase;
			buildActionMask = 2147483647;
			files = (
				D68054F5292084CA008A36AC /* LetterButtonView.swift in Sources */,
				D6057F71295E1B23001563E9 /* RoundView.swift in Sources */,
				D68054D829202974008A36AC /* GameView.swift in Sources */,
				D6125BB8297C80FF005081F1 /* SettingsView.swift in Sources */,
				D663D497296C80F00075DE01 /* MultiplierView.swift in Sources */,
				D68054EE29203157008A36AC /* GuessView.swift in Sources */,
				D68054EB2920305D008A36AC /* Guess.swift in Sources */,
				D6CC9D952969DD27006FA274 /* TimerView.swift in Sources */,
				D68054F7292086D3008A36AC /* Keyboard.swift in Sources */,
				D63E93F329CE8F8E00BA8764 /* PauseView.swift in Sources */,
				D6125BB6297C7B8B005081F1 /* ShuffleView.swift in Sources */,
				D68054D629202974008A36AC /* Petal_First_TestApp.swift in Sources */,
				D6E2A174293D71E20001285E /* ToastView.swift in Sources */,
				D68C4FAF298472A80015128D /* InterstitialView.swift in Sources */,
				D65B506F297343A5004CAEA8 /* BackgroundView.swift in Sources */,
				D68DE4EB299958BE00AE225E /* OutOfTimeView.swift in Sources */,
				D68054FA2920CFFA008A36AC /* Shake.swift in Sources */,
				D61FB45D298191D900D3860B /* StatsView.swift in Sources */,
				D68054F1292079CB008A36AC /* WordleDataModel.swift in Sources */,
				D68054E729202F54008A36AC /* Color+Extensions.swift in Sources */,
				D6AD63DD296D2B18000F17D1 /* HelpView.swift in Sources */,
				D68054F329207D14008A36AC /* Global.swift in Sources */,
			);
			runOnlyForDeploymentPostprocessing = 0;
		};
/* End PBXSourcesBuildPhase section */

/* Begin PBXTargetDependency section */
		D615426729709EBA00875757 /* PBXTargetDependency */ = {
			isa = PBXTargetDependency;
			target = D68054D129202974008A36AC /* Petal First Test */;
			targetProxy = D615426629709EBA00875757 /* PBXContainerItemProxy */;
		};
/* End PBXTargetDependency section */

/* Begin XCBuildConfiguration section */
		D615426929709EBA00875757 /* Debug */ = {
			isa = XCBuildConfiguration;
			baseConfigurationReference = FB44AE1F639BBF4F4CC20E3D /* Pods-Petal First Test-Petal First TestUITests.debug.xcconfig */;
			buildSettings = {
				CLANG_CXX_LANGUAGE_STANDARD = "gnu++20";
				CODE_SIGN_STYLE = Automatic;
				CURRENT_PROJECT_VERSION = 1;
				DEVELOPMENT_TEAM = 5T2Q9777A6;
				GENERATE_INFOPLIST_FILE = YES;
				IPHONEOS_DEPLOYMENT_TARGET = 16.2;
				MARKETING_VERSION = 1.0;
				PRODUCT_BUNDLE_IDENTIFIER = "Ardenn.Petal-First-TestUITests";
				PRODUCT_NAME = "$(TARGET_NAME)";
				SWIFT_EMIT_LOC_STRINGS = NO;
				SWIFT_VERSION = 5.0;
				TARGETED_DEVICE_FAMILY = "1,2";
				TEST_TARGET_NAME = "Petal First Test";
			};
			name = Debug;
		};
		D615426A29709EBA00875757 /* Release */ = {
			isa = XCBuildConfiguration;
			baseConfigurationReference = 92AA570202D100BDC0EC154A /* Pods-Petal First Test-Petal First TestUITests.release.xcconfig */;
			buildSettings = {
				CLANG_CXX_LANGUAGE_STANDARD = "gnu++20";
				CODE_SIGN_STYLE = Automatic;
				CURRENT_PROJECT_VERSION = 1;
				DEVELOPMENT_TEAM = 5T2Q9777A6;
				GENERATE_INFOPLIST_FILE = YES;
				IPHONEOS_DEPLOYMENT_TARGET = 16.2;
				MARKETING_VERSION = 1.0;
				PRODUCT_BUNDLE_IDENTIFIER = "Ardenn.Petal-First-TestUITests";
				PRODUCT_NAME = "$(TARGET_NAME)";
				SWIFT_EMIT_LOC_STRINGS = NO;
				SWIFT_VERSION = 5.0;
				TARGETED_DEVICE_FAMILY = "1,2";
				TEST_TARGET_NAME = "Petal First Test";
			};
			name = Release;
		};
		D68054DE29202976008A36AC /* Debug */ = {
			isa = XCBuildConfiguration;
			buildSettings = {
				ALWAYS_SEARCH_USER_PATHS = NO;
				CLANG_ANALYZER_NONNULL = YES;
				CLANG_ANALYZER_NUMBER_OBJECT_CONVERSION = YES_AGGRESSIVE;
				CLANG_CXX_LANGUAGE_STANDARD = "gnu++17";
				CLANG_CXX_LIBRARY = "libc++";
				CLANG_ENABLE_MODULES = YES;
				CLANG_ENABLE_OBJC_ARC = YES;
				CLANG_ENABLE_OBJC_WEAK = YES;
				CLANG_WARN_BLOCK_CAPTURE_AUTORELEASING = YES;
				CLANG_WARN_BOOL_CONVERSION = YES;
				CLANG_WARN_COMMA = YES;
				CLANG_WARN_CONSTANT_CONVERSION = YES;
				CLANG_WARN_DEPRECATED_OBJC_IMPLEMENTATIONS = YES;
				CLANG_WARN_DIRECT_OBJC_ISA_USAGE = YES_ERROR;
				CLANG_WARN_DOCUMENTATION_COMMENTS = YES;
				CLANG_WARN_EMPTY_BODY = YES;
				CLANG_WARN_ENUM_CONVERSION = YES;
				CLANG_WARN_INFINITE_RECURSION = YES;
				CLANG_WARN_INT_CONVERSION = YES;
				CLANG_WARN_NON_LITERAL_NULL_CONVERSION = YES;
				CLANG_WARN_OBJC_IMPLICIT_RETAIN_SELF = YES;
				CLANG_WARN_OBJC_LITERAL_CONVERSION = YES;
				CLANG_WARN_OBJC_ROOT_CLASS = YES_ERROR;
				CLANG_WARN_QUOTED_INCLUDE_IN_FRAMEWORK_HEADER = YES;
				CLANG_WARN_RANGE_LOOP_ANALYSIS = YES;
				CLANG_WARN_STRICT_PROTOTYPES = YES;
				CLANG_WARN_SUSPICIOUS_MOVE = YES;
				CLANG_WARN_UNGUARDED_AVAILABILITY = YES_AGGRESSIVE;
				CLANG_WARN_UNREACHABLE_CODE = YES;
				CLANG_WARN__DUPLICATE_METHOD_MATCH = YES;
				COPY_PHASE_STRIP = NO;
				DEBUG_INFORMATION_FORMAT = dwarf;
				ENABLE_STRICT_OBJC_MSGSEND = YES;
				ENABLE_TESTABILITY = YES;
				GCC_C_LANGUAGE_STANDARD = gnu11;
				GCC_DYNAMIC_NO_PIC = NO;
				GCC_NO_COMMON_BLOCKS = YES;
				GCC_OPTIMIZATION_LEVEL = 0;
				GCC_PREPROCESSOR_DEFINITIONS = (
					"DEBUG=1",
					"$(inherited)",
				);
				GCC_WARN_64_TO_32_BIT_CONVERSION = YES;
				GCC_WARN_ABOUT_RETURN_TYPE = YES_ERROR;
				GCC_WARN_UNDECLARED_SELECTOR = YES;
				GCC_WARN_UNINITIALIZED_AUTOS = YES_AGGRESSIVE;
				GCC_WARN_UNUSED_FUNCTION = YES;
				GCC_WARN_UNUSED_VARIABLE = YES;
				IPHONEOS_DEPLOYMENT_TARGET = 15.2;
				MTL_ENABLE_DEBUG_INFO = INCLUDE_SOURCE;
				MTL_FAST_MATH = YES;
				ONLY_ACTIVE_ARCH = YES;
				SDKROOT = iphoneos;
				SWIFT_ACTIVE_COMPILATION_CONDITIONS = DEBUG;
				SWIFT_OPTIMIZATION_LEVEL = "-Onone";
			};
			name = Debug;
		};
		D68054DF29202976008A36AC /* Release */ = {
			isa = XCBuildConfiguration;
			buildSettings = {
				ALWAYS_SEARCH_USER_PATHS = NO;
				CLANG_ANALYZER_NONNULL = YES;
				CLANG_ANALYZER_NUMBER_OBJECT_CONVERSION = YES_AGGRESSIVE;
				CLANG_CXX_LANGUAGE_STANDARD = "gnu++17";
				CLANG_CXX_LIBRARY = "libc++";
				CLANG_ENABLE_MODULES = YES;
				CLANG_ENABLE_OBJC_ARC = YES;
				CLANG_ENABLE_OBJC_WEAK = YES;
				CLANG_WARN_BLOCK_CAPTURE_AUTORELEASING = YES;
				CLANG_WARN_BOOL_CONVERSION = YES;
				CLANG_WARN_COMMA = YES;
				CLANG_WARN_CONSTANT_CONVERSION = YES;
				CLANG_WARN_DEPRECATED_OBJC_IMPLEMENTATIONS = YES;
				CLANG_WARN_DIRECT_OBJC_ISA_USAGE = YES_ERROR;
				CLANG_WARN_DOCUMENTATION_COMMENTS = YES;
				CLANG_WARN_EMPTY_BODY = YES;
				CLANG_WARN_ENUM_CONVERSION = YES;
				CLANG_WARN_INFINITE_RECURSION = YES;
				CLANG_WARN_INT_CONVERSION = YES;
				CLANG_WARN_NON_LITERAL_NULL_CONVERSION = YES;
				CLANG_WARN_OBJC_IMPLICIT_RETAIN_SELF = YES;
				CLANG_WARN_OBJC_LITERAL_CONVERSION = YES;
				CLANG_WARN_OBJC_ROOT_CLASS = YES_ERROR;
				CLANG_WARN_QUOTED_INCLUDE_IN_FRAMEWORK_HEADER = YES;
				CLANG_WARN_RANGE_LOOP_ANALYSIS = YES;
				CLANG_WARN_STRICT_PROTOTYPES = YES;
				CLANG_WARN_SUSPICIOUS_MOVE = YES;
				CLANG_WARN_UNGUARDED_AVAILABILITY = YES_AGGRESSIVE;
				CLANG_WARN_UNREACHABLE_CODE = YES;
				CLANG_WARN__DUPLICATE_METHOD_MATCH = YES;
				COPY_PHASE_STRIP = NO;
				DEBUG_INFORMATION_FORMAT = "dwarf-with-dsym";
				ENABLE_NS_ASSERTIONS = NO;
				ENABLE_STRICT_OBJC_MSGSEND = YES;
				GCC_C_LANGUAGE_STANDARD = gnu11;
				GCC_NO_COMMON_BLOCKS = YES;
				GCC_WARN_64_TO_32_BIT_CONVERSION = YES;
				GCC_WARN_ABOUT_RETURN_TYPE = YES_ERROR;
				GCC_WARN_UNDECLARED_SELECTOR = YES;
				GCC_WARN_UNINITIALIZED_AUTOS = YES_AGGRESSIVE;
				GCC_WARN_UNUSED_FUNCTION = YES;
				GCC_WARN_UNUSED_VARIABLE = YES;
				IPHONEOS_DEPLOYMENT_TARGET = 15.2;
				MTL_ENABLE_DEBUG_INFO = NO;
				MTL_FAST_MATH = YES;
				SDKROOT = iphoneos;
				SWIFT_COMPILATION_MODE = wholemodule;
				SWIFT_OPTIMIZATION_LEVEL = "-O";
				VALIDATE_PRODUCT = YES;
			};
			name = Release;
		};
		D68054E129202976008A36AC /* Debug */ = {
			isa = XCBuildConfiguration;
			baseConfigurationReference = C4A274E12832E981ADCFA4C2 /* Pods-Petal First Test.debug.xcconfig */;
			buildSettings = {
				ASSETCATALOG_COMPILER_APPICON_NAME = AppIcon;
				ASSETCATALOG_COMPILER_GLOBAL_ACCENT_COLOR_NAME = AccentColor;
				CODE_SIGN_STYLE = Automatic;
				CURRENT_PROJECT_VERSION = 1.15;
				DEVELOPMENT_ASSET_PATHS = "\"Petal First Test/Preview Content\"";
				DEVELOPMENT_TEAM = JBW7WPF3LH;
				ENABLE_PREVIEWS = YES;
				GENERATE_INFOPLIST_FILE = YES;
				INFOPLIST_FILE = "Petal-First-Test-Info.plist";
				INFOPLIST_KEY_UIApplicationSceneManifest_Generation = YES;
				INFOPLIST_KEY_UIApplicationSupportsIndirectInputEvents = YES;
				INFOPLIST_KEY_UILaunchScreen_Generation = YES;
				INFOPLIST_KEY_UILaunchStoryboardName = "Launch Screen";
				INFOPLIST_KEY_UIRequiresFullScreen = YES;
				INFOPLIST_KEY_UISupportedInterfaceOrientations_iPad = "UIInterfaceOrientationPortrait UIInterfaceOrientationPortraitUpsideDown UIInterfaceOrientationLandscapeLeft UIInterfaceOrientationLandscapeRight";
				INFOPLIST_KEY_UISupportedInterfaceOrientations_iPhone = UIInterfaceOrientationPortrait;
				INFOPLIST_KEY_UIUserInterfaceStyle = Light;
				LD_RUNPATH_SEARCH_PATHS = (
					"$(inherited)",
					"@executable_path/Frameworks",
				);
				MARKETING_VERSION = 1.15;
				PRODUCT_BUNDLE_IDENTIFIER = "Ardenn.Petal-First-Test";
				PRODUCT_NAME = Petal;
				SWIFT_EMIT_LOC_STRINGS = YES;
				SWIFT_VERSION = 5.0;
				TARGETED_DEVICE_FAMILY = "1,2";
			};
			name = Debug;
		};
		D68054E229202976008A36AC /* Release */ = {
			isa = XCBuildConfiguration;
			baseConfigurationReference = A7B6CBEDE0653F2A60E8D198 /* Pods-Petal First Test.release.xcconfig */;
			buildSettings = {
				ASSETCATALOG_COMPILER_APPICON_NAME = AppIcon;
				ASSETCATALOG_COMPILER_GLOBAL_ACCENT_COLOR_NAME = AccentColor;
				CODE_SIGN_STYLE = Automatic;
				CURRENT_PROJECT_VERSION = 1.15;
				DEVELOPMENT_ASSET_PATHS = "\"Petal First Test/Preview Content\"";
				DEVELOPMENT_TEAM = JBW7WPF3LH;
				ENABLE_PREVIEWS = YES;
				GENERATE_INFOPLIST_FILE = YES;
				INFOPLIST_FILE = "Petal-First-Test-Info.plist";
				INFOPLIST_KEY_UIApplicationSceneManifest_Generation = YES;
				INFOPLIST_KEY_UIApplicationSupportsIndirectInputEvents = YES;
				INFOPLIST_KEY_UILaunchScreen_Generation = YES;
				INFOPLIST_KEY_UILaunchStoryboardName = "Launch Screen";
				INFOPLIST_KEY_UIRequiresFullScreen = YES;
				INFOPLIST_KEY_UISupportedInterfaceOrientations_iPad = "UIInterfaceOrientationPortrait UIInterfaceOrientationPortraitUpsideDown UIInterfaceOrientationLandscapeLeft UIInterfaceOrientationLandscapeRight";
				INFOPLIST_KEY_UISupportedInterfaceOrientations_iPhone = UIInterfaceOrientationPortrait;
				INFOPLIST_KEY_UIUserInterfaceStyle = Light;
				LD_RUNPATH_SEARCH_PATHS = (
					"$(inherited)",
					"@executable_path/Frameworks",
				);
				MARKETING_VERSION = 1.15;
				PRODUCT_BUNDLE_IDENTIFIER = "Ardenn.Petal-First-Test";
				PRODUCT_NAME = Petal;
				SWIFT_EMIT_LOC_STRINGS = YES;
				SWIFT_VERSION = 5.0;
				TARGETED_DEVICE_FAMILY = "1,2";
			};
			name = Release;
		};
/* End XCBuildConfiguration section */

/* Begin XCConfigurationList section */
		D615426829709EBA00875757 /* Build configuration list for PBXNativeTarget "Petal First TestUITests" */ = {
			isa = XCConfigurationList;
			buildConfigurations = (
				D615426929709EBA00875757 /* Debug */,
				D615426A29709EBA00875757 /* Release */,
			);
			defaultConfigurationIsVisible = 0;
			defaultConfigurationName = Release;
		};
		D68054CD29202974008A36AC /* Build configuration list for PBXProject "Petal First Test" */ = {
			isa = XCConfigurationList;
			buildConfigurations = (
				D68054DE29202976008A36AC /* Debug */,
				D68054DF29202976008A36AC /* Release */,
			);
			defaultConfigurationIsVisible = 0;
			defaultConfigurationName = Release;
		};
		D68054E029202976008A36AC /* Build configuration list for PBXNativeTarget "Petal First Test" */ = {
			isa = XCConfigurationList;
			buildConfigurations = (
				D68054E129202976008A36AC /* Debug */,
				D68054E229202976008A36AC /* Release */,
			);
			defaultConfigurationIsVisible = 0;
			defaultConfigurationName = Release;
		};
/* End XCConfigurationList section */
	};
	rootObject = D68054CA29202974008A36AC /* Project object */;
}
